
Microsoft Visual Studio Solution File, Format Version 12.00
# Visual Studio Version 17
VisualStudioVersion = 17.7.34031.279
MinimumVisualStudioVersion = 10.0.40219.1
Project("{FAE04EC0-301F-11D3-BF4B-00C04F79EFBC}") = "Hometask4.1", "Hometask4.1\Hometask4.1.csproj", "{62DCD2DE-C2ED-4B5C-AF6B-90BD19E75D80}"
EndProject
Project("{FAE04EC0-301F-11D3-BF4B-00C04F79EFBC}") = "Hometask4.2", "Hometask4.2\Hometask4.2.csproj", "{21941C3B-756D-4ED1-824A-B0E723A78C44}"
EndProject
Project("{FAE04EC0-301F-11D3-BF4B-00C04F79EFBC}") = "Hometask4.3", "Hometask4.3\Hometask4.3.csproj", "{1CD366E5-E99C-4EE2-808F-AB32530C4BC2}"
EndProject
Global
	GlobalSection(SolutionConfigurationPlatforms) = preSolution
		Debug|Any CPU = Debug|Any CPU
		Release|Any CPU = Release|Any CPU
	EndGlobalSection
	GlobalSection(ProjectConfigurationPlatforms) = postSolution
		{62DCD2DE-C2ED-4B5C-AF6B-90BD19E75D80}.Debug|Any CPU.ActiveCfg = Debug|Any CPU
		{62DCD2DE-C2ED-4B5C-AF6B-90BD19E75D80}.Debug|Any CPU.Build.0 = Debug|Any CPU
		{62DCD2DE-C2ED-4B5C-AF6B-90BD19E75D80}.Release|Any CPU.ActiveCfg = Release|Any CPU
		{62DCD2DE-C2ED-4B5C-AF6B-90BD19E75D80}.Release|Any CPU.Build.0 = Release|Any CPU
		{21941C3B-756D-4ED1-824A-B0E723A78C44}.Debug|Any CPU.ActiveCfg = Debug|Any CPU
		{21941C3B-756D-4ED1-824A-B0E723A78C44}.Debug|Any CPU.Build.0 = Debug|Any CPU
		{21941C3B-756D-4ED1-824A-B0E723A78C44}.Release|Any CPU.ActiveCfg = Release|Any CPU
		{21941C3B-756D-4ED1-824A-B0E723A78C44}.Release|Any CPU.Build.0 = Release|Any CPU
		{1CD366E5-E99C-4EE2-808F-AB32530C4BC2}.Debug|Any CPU.ActiveCfg = Debug|Any CPU
		{1CD366E5-E99C-4EE2-808F-AB32530C4BC2}.Debug|Any CPU.Build.0 = Debug|Any CPU
		{1CD366E5-E99C-4EE2-808F-AB32530C4BC2}.Release|Any CPU.ActiveCfg = Release|Any CPU
		{1CD366E5-E99C-4EE2-808F-AB32530C4BC2}.Release|Any CPU.Build.0 = Release|Any CPU
	EndGlobalSection
	GlobalSection(SolutionProperties) = preSolution
		HideSolutionNode = FALSE
	EndGlobalSection
	GlobalSection(ExtensibilityGlobals) = postSolution
		SolutionGuid = {A6FAE7FA-C794-4CC0-A391-32BBFA91AED4}
	EndGlobalSection
EndGlobal
